
Microsoft Visual Studio Solution File, Format Version 12.00
# Visual Studio Version 16
VisualStudioVersion = 16.0.29926.136
MinimumVisualStudioVersion = 10.0.40219.1
Project("{8BC9CEB8-8B4A-11D0-8D11-00A0C91BC942}") = "원모의숲_흙수저버전", "원모의숲_흙수저버전.vcxproj", "{316F2DB3-AEF7-408E-A168-968129055FC7}"
EndProject
Global
	GlobalSection(SolutionConfigurationPlatforms) = preSolution
		Debug|x64 = Debug|x64
		Debug|x86 = Debug|x86
		Release|x64 = Release|x64
		Release|x86 = Release|x86
	EndGlobalSection
	GlobalSection(ProjectConfigurationPlatforms) = postSolution
		{316F2DB3-AEF7-408E-A168-968129055FC7}.Debug|x64.ActiveCfg = Debug|x64
		{316F2DB3-AEF7-408E-A168-968129055FC7}.Debug|x64.Build.0 = Debug|x64
		{316F2DB3-AEF7-408E-A168-968129055FC7}.Debug|x86.ActiveCfg = Debug|Win32
		{316F2DB3-AEF7-408E-A168-968129055FC7}.Debug|x86.Build.0 = Debug|Win32
		{316F2DB3-AEF7-408E-A168-968129055FC7}.Release|x64.ActiveCfg = Release|x64
		{316F2DB3-AEF7-408E-A168-968129055FC7}.Release|x64.Build.0 = Release|x64
		{316F2DB3-AEF7-408E-A168-968129055FC7}.Release|x86.ActiveCfg = Release|Win32
		{316F2DB3-AEF7-408E-A168-968129055FC7}.Release|x86.Build.0 = Release|Win32
	EndGlobalSection
	GlobalSection(SolutionProperties) = preSolution
		HideSolutionNode = FALSE
	EndGlobalSection
	GlobalSection(ExtensibilityGlobals) = postSolution
		SolutionGuid = {7E72682E-8569-4523-A758-FA8C2C9625BD}
	EndGlobalSection
EndGlobal
